{
  "name": "yoni-mcscripts-lib",
  "version": "1.2.0+mcstable.1.20.10",
  "lockfileVersion": 3,
  "requires": true,
  "packages": {
    "": {
      "name": "yoni-mcscripts-lib",
      "version": "1.2.0+mcstable.1.20.10",
      "license": "MIT",
      "dependencies": {
        "@minecraft/server": "^1.6.0-beta.1.20.30-preview.24",
        "@minecraft/server-gametest": "^1.0.0-beta.1.20.30-preview.24"
      },
      "devDependencies": {
        "typescript": "^4.9.3"
      }
    },
    "node_modules/@minecraft/server": {
      "version": "1.6.0-beta.1.20.30-preview.24",
      "resolved": "https://registry.npmjs.org/@minecraft/server/-/server-1.6.0-beta.1.20.30-preview.24.tgz",
      "integrity": "sha512-uCnFte+ysi3F4z9U1IKba3l1XbelaCv3XEtSLSc3TqpVTf0BegtQuhx+sLDyORd1qGC6rGD9dseg8NsJoJYG0w=="
    },
    "node_modules/@minecraft/server-gametest": {
      "version": "1.0.0-beta.1.20.30-preview.24",
      "resolved": "https://registry.npmjs.org/@minecraft/server-gametest/-/server-gametest-1.0.0-beta.1.20.30-preview.24.tgz",
      "integrity": "sha512-3zQngJsqr3E8Zjw/eWsuS/lcdWvjFdf/qqARLMXzQB/7yA+ReWzwveKaKk16iqM5fc88xe+cHerY9tXZLHiR9Q==",
      "dependencies": {
        "@minecraft/server": "^1.6.0-beta.1.20.30-preview.24"
      }
    },
    "node_modules/typescript": {
      "version": "4.9.3",
      "resolved": "https://registry.npmjs.org/typescript/-/typescript-4.9.3.tgz",
      "integrity": "sha512-CIfGzTelbKNEnLpLdGFgdyKhG23CKdKgQPOBc+OUNrkJ2vr+KSzsSV5kq5iWhEQbok+quxgGzrAtGWCyU7tHnA==",
      "dev": true,
      "bin": {
        "tsc": "bin/tsc",
        "tsserver": "bin/tsserver"
      },
      "engines": {
        "node": ">=4.2.0"
      }
    }
  }
}
