{
  "name": "yoni-mcscripts-lib",
  "version": "0.11.0-dev.2",
  "lockfileVersion": 2,
  "requires": true,
  "packages": {
    "": {
      "name": "yoni-mcscripts-lib",
      "version": "0.11.0-dev.2",
      "license": "MIT",
      "dependencies": {
        "@minecraft/server": "^1.4.0-beta.1.20.10-preview.21",
        "@minecraft/server-gametest": "^1.0.0-beta.1.20.10-preview.21",
        "@minecraft/server-ui": "^1.1.0-beta.1.20.10-preview.21",
        "@minecraft/vanilla-data": "^1.20.10-preview.21"
      },
      "devDependencies": {
        "typescript": "4.9.3"
      }
    },
    "node_modules/@minecraft/server": {
      "version": "1.4.0-beta.1.20.10-preview.21",
      "resolved": "https://registry.npmjs.org/@minecraft/server/-/server-1.4.0-beta.1.20.10-preview.21.tgz",
      "integrity": "sha512-ujhsa/ercjy5ifdU3zBZXIyBUP+r9+DlWaWp6+tM71zXkPivISS/E5HbL/n0fMDZ32Aad1AaWDX6WOdCzlhn/Q=="
    },
    "node_modules/@minecraft/server-gametest": {
      "version": "1.0.0-beta.1.20.10-preview.21",
      "resolved": "https://registry.npmjs.org/@minecraft/server-gametest/-/server-gametest-1.0.0-beta.1.20.10-preview.21.tgz",
      "integrity": "sha512-B+qX4X2ucavEBVkIrcPU8EynDb5MUSpjqyYVSgXaqAr+9l9G+SF3tDJ6qlEfZoeA3jVJoUi0WHHRTT8wz1XEHg==",
      "dependencies": {
        "@minecraft/server": "1.4.0-beta.1.20.10-preview.21"
      }
    },
    "node_modules/@minecraft/server-ui": {
      "version": "1.1.0-beta.1.20.10-preview.21",
      "resolved": "https://registry.npmjs.org/@minecraft/server-ui/-/server-ui-1.1.0-beta.1.20.10-preview.21.tgz",
      "integrity": "sha512-nY6fsaPk5hqlILqYP7NCT+YBt9C040n/tS885WS9oqSR2HTDLUSMHdFif8ZkFY4exODIQGPIggLP+5220X0C+A==",
      "dependencies": {
        "@minecraft/server": "1.4.0-beta.1.20.10-preview.21"
      }
    },
    "node_modules/@minecraft/vanilla-data": {
      "version": "1.20.10-preview.21",
      "resolved": "https://registry.npmjs.org/@minecraft/vanilla-data/-/vanilla-data-1.20.10-preview.21.tgz",
      "integrity": "sha512-XcB51dzFM0tb4Ae91MkhUbsyPmVLkTbcCR3iWauxM7BWVvjNnIYvPJxUpSm57k6eXT48l8EsFGw86Lldwx6l0Q=="
    },
    "node_modules/typescript": {
      "version": "4.9.3",
      "resolved": "https://registry.npmjs.org/typescript/-/typescript-4.9.3.tgz",
      "integrity": "sha512-CIfGzTelbKNEnLpLdGFgdyKhG23CKdKgQPOBc+OUNrkJ2vr+KSzsSV5kq5iWhEQbok+quxgGzrAtGWCyU7tHnA==",
      "dev": true,
      "bin": {
        "tsc": "bin/tsc",
        "tsserver": "bin/tsserver"
      },
      "engines": {
        "node": ">=4.2.0"
      }
    }
  },
  "dependencies": {
    "@minecraft/server": {
      "version": "1.4.0-beta.1.20.10-preview.21",
      "resolved": "https://registry.npmjs.org/@minecraft/server/-/server-1.4.0-beta.1.20.10-preview.21.tgz",
      "integrity": "sha512-ujhsa/ercjy5ifdU3zBZXIyBUP+r9+DlWaWp6+tM71zXkPivISS/E5HbL/n0fMDZ32Aad1AaWDX6WOdCzlhn/Q=="
    },
    "@minecraft/server-gametest": {
      "version": "1.0.0-beta.1.20.10-preview.21",
      "resolved": "https://registry.npmjs.org/@minecraft/server-gametest/-/server-gametest-1.0.0-beta.1.20.10-preview.21.tgz",
      "integrity": "sha512-B+qX4X2ucavEBVkIrcPU8EynDb5MUSpjqyYVSgXaqAr+9l9G+SF3tDJ6qlEfZoeA3jVJoUi0WHHRTT8wz1XEHg==",
      "requires": {
        "@minecraft/server": "1.4.0-beta.1.20.10-preview.21"
      }
    },
    "@minecraft/server-ui": {
      "version": "1.1.0-beta.1.20.10-preview.21",
      "resolved": "https://registry.npmjs.org/@minecraft/server-ui/-/server-ui-1.1.0-beta.1.20.10-preview.21.tgz",
      "integrity": "sha512-nY6fsaPk5hqlILqYP7NCT+YBt9C040n/tS885WS9oqSR2HTDLUSMHdFif8ZkFY4exODIQGPIggLP+5220X0C+A==",
      "requires": {
        "@minecraft/server": "1.4.0-beta.1.20.10-preview.21"
      }
    },
    "@minecraft/vanilla-data": {
      "version": "1.20.10-preview.21",
      "resolved": "https://registry.npmjs.org/@minecraft/vanilla-data/-/vanilla-data-1.20.10-preview.21.tgz",
      "integrity": "sha512-XcB51dzFM0tb4Ae91MkhUbsyPmVLkTbcCR3iWauxM7BWVvjNnIYvPJxUpSm57k6eXT48l8EsFGw86Lldwx6l0Q=="
    },
    "typescript": {
      "version": "4.9.3",
      "resolved": "https://registry.npmjs.org/typescript/-/typescript-4.9.3.tgz",
      "integrity": "sha512-CIfGzTelbKNEnLpLdGFgdyKhG23CKdKgQPOBc+OUNrkJ2vr+KSzsSV5kq5iWhEQbok+quxgGzrAtGWCyU7tHnA==",
      "dev": true
    }
  }
}
