{
  "name": "yoni-mcscripts-lib",
  "version": "0.8.0",
  "lockfileVersion": 2,
  "requires": true,
  "packages": {
    "": {
      "name": "yoni-mcscripts-lib",
      "version": "0.8.0",
      "license": "MIT",
      "dependencies": {
        "@minecraft/server": "^1.2.0-beta.1.19.80-preview.21",
        "@minecraft/server-gametest": "^1.0.0-beta.1.19.80-preview.21",
        "@minecraft/server-ui": "^1.0.0-beta.1.19.80-preview.21"
      },
      "devDependencies": {
        "@minecraft/server-admin": "^1.0.0-beta.1.19.80-preview.21",
        "@minecraft/server-net": "^1.0.0-beta.1.19.80-preview.21",
        "@types/lokijs": "^1.5.7",
        "lokijs": "^1.5.12",
        "typescript": "^4.9.3"
      }
    },
    "node_modules/@minecraft/server": {
      "version": "1.2.0-beta.1.19.80-preview.21",
      "resolved": "https://registry.npmjs.org/@minecraft/server/-/server-1.2.0-beta.1.19.80-preview.21.tgz",
      "integrity": "sha512-lmyX0hvbXuAVN9D+GuAx1IDwLo3AmM5UM3xSoppbzmxwRkV/LzMzX3sqvtBDGxIcdRs41mZofssNCLutHIyGug=="
    },
    "node_modules/@minecraft/server-admin": {
      "version": "1.0.0-beta.1.19.80-preview.21",
      "resolved": "https://registry.npmjs.org/@minecraft/server-admin/-/server-admin-1.0.0-beta.1.19.80-preview.21.tgz",
      "integrity": "sha512-iV0kwzQv+NOeLg0w3+hIRihvu7ThI63bALgZjCSBzGgOPnhsY51VlhrGqkVowHGF/alpknFqQE8LdMpp7zW0Og==",
      "dev": true
    },
    "node_modules/@minecraft/server-gametest": {
      "version": "1.0.0-beta.1.19.80-preview.21",
      "resolved": "https://registry.npmjs.org/@minecraft/server-gametest/-/server-gametest-1.0.0-beta.1.19.80-preview.21.tgz",
      "integrity": "sha512-uJdRu8XXCkj8Dlexxv9PxfkU+UXmtMCivFrhsiwQWzxZVqo8rpRrontEXRfZEJpx2i4fVyYC3DjHFqMSyxthYw==",
      "dependencies": {
        "@minecraft/server": "1.2.0-beta.1.19.80-preview.21"
      }
    },
    "node_modules/@minecraft/server-net": {
      "version": "1.0.0-beta.1.19.80-preview.21",
      "resolved": "https://registry.npmjs.org/@minecraft/server-net/-/server-net-1.0.0-beta.1.19.80-preview.21.tgz",
      "integrity": "sha512-z0uCHO3hdPc5jKjV6jNW1pYuhWqPxIJGqNAGYyez36O2z0XjoL0WXzrwaA9jv+Mo30W0ss4ZqKUXaWNu8incNw==",
      "dev": true,
      "dependencies": {
        "@minecraft/server-admin": "1.0.0-beta.1.19.80-preview.21"
      }
    },
    "node_modules/@minecraft/server-ui": {
      "version": "1.0.0-beta.1.19.80-preview.21",
      "resolved": "https://registry.npmjs.org/@minecraft/server-ui/-/server-ui-1.0.0-beta.1.19.80-preview.21.tgz",
      "integrity": "sha512-u7lQPhgTjEq0hVTUHscr6cBF+mUrMjgfEoiGCjxKxs2nAkdzex3t5Gzqbggiw/+DFDahJpz9GQD/cEWM77+MhA==",
      "dependencies": {
        "@minecraft/server": "1.2.0-beta.1.19.80-preview.21"
      }
    },
    "node_modules/@types/lokijs": {
      "version": "1.5.7",
      "resolved": "https://registry.npmjs.org/@types/lokijs/-/lokijs-1.5.7.tgz",
      "integrity": "sha512-WEFQLgO3u2Wa7yFybqkTZYumqF1GcHvUwx8Tv2SUHy2qpnIainMMoLmEUGdjhPNp/v5pyC9e91fSMC3mkxBIDw==",
      "dev": true
    },
    "node_modules/lokijs": {
      "version": "1.5.12",
      "resolved": "https://registry.npmjs.org/lokijs/-/lokijs-1.5.12.tgz",
      "integrity": "sha512-Q5ALD6JiS6xAUWCwX3taQmgwxyveCtIIuL08+ml0nHwT3k0S/GIFJN+Hd38b1qYIMaE5X++iqsqWVksz7SYW+Q==",
      "dev": true
    },
    "node_modules/typescript": {
      "version": "4.9.5",
      "resolved": "https://registry.npmjs.org/typescript/-/typescript-4.9.5.tgz",
      "integrity": "sha512-1FXk9E2Hm+QzZQ7z+McJiHL4NW1F2EzMu9Nq9i3zAaGqibafqYwCVU6WyWAuyQRRzOlxou8xZSyXLEN8oKj24g==",
      "dev": true,
      "bin": {
        "tsc": "bin/tsc",
        "tsserver": "bin/tsserver"
      },
      "engines": {
        "node": ">=4.2.0"
      }
    }
  },
  "dependencies": {
    "@minecraft/server": {
      "version": "1.2.0-beta.1.19.80-preview.21",
      "resolved": "https://registry.npmjs.org/@minecraft/server/-/server-1.2.0-beta.1.19.80-preview.21.tgz",
      "integrity": "sha512-lmyX0hvbXuAVN9D+GuAx1IDwLo3AmM5UM3xSoppbzmxwRkV/LzMzX3sqvtBDGxIcdRs41mZofssNCLutHIyGug=="
    },
    "@minecraft/server-admin": {
      "version": "1.0.0-beta.1.19.80-preview.21",
      "resolved": "https://registry.npmjs.org/@minecraft/server-admin/-/server-admin-1.0.0-beta.1.19.80-preview.21.tgz",
      "integrity": "sha512-iV0kwzQv+NOeLg0w3+hIRihvu7ThI63bALgZjCSBzGgOPnhsY51VlhrGqkVowHGF/alpknFqQE8LdMpp7zW0Og==",
      "dev": true
    },
    "@minecraft/server-gametest": {
      "version": "1.0.0-beta.1.19.80-preview.21",
      "resolved": "https://registry.npmjs.org/@minecraft/server-gametest/-/server-gametest-1.0.0-beta.1.19.80-preview.21.tgz",
      "integrity": "sha512-uJdRu8XXCkj8Dlexxv9PxfkU+UXmtMCivFrhsiwQWzxZVqo8rpRrontEXRfZEJpx2i4fVyYC3DjHFqMSyxthYw==",
      "requires": {
        "@minecraft/server": "1.2.0-beta.1.19.80-preview.21"
      }
    },
    "@minecraft/server-net": {
      "version": "1.0.0-beta.1.19.80-preview.21",
      "resolved": "https://registry.npmjs.org/@minecraft/server-net/-/server-net-1.0.0-beta.1.19.80-preview.21.tgz",
      "integrity": "sha512-z0uCHO3hdPc5jKjV6jNW1pYuhWqPxIJGqNAGYyez36O2z0XjoL0WXzrwaA9jv+Mo30W0ss4ZqKUXaWNu8incNw==",
      "dev": true,
      "requires": {
        "@minecraft/server-admin": "1.0.0-beta.1.19.80-preview.21"
      }
    },
    "@minecraft/server-ui": {
      "version": "1.0.0-beta.1.19.80-preview.21",
      "resolved": "https://registry.npmjs.org/@minecraft/server-ui/-/server-ui-1.0.0-beta.1.19.80-preview.21.tgz",
      "integrity": "sha512-u7lQPhgTjEq0hVTUHscr6cBF+mUrMjgfEoiGCjxKxs2nAkdzex3t5Gzqbggiw/+DFDahJpz9GQD/cEWM77+MhA==",
      "requires": {
        "@minecraft/server": "1.2.0-beta.1.19.80-preview.21"
      }
    },
    "@types/lokijs": {
      "version": "1.5.7",
      "resolved": "https://registry.npmjs.org/@types/lokijs/-/lokijs-1.5.7.tgz",
      "integrity": "sha512-WEFQLgO3u2Wa7yFybqkTZYumqF1GcHvUwx8Tv2SUHy2qpnIainMMoLmEUGdjhPNp/v5pyC9e91fSMC3mkxBIDw==",
      "dev": true
    },
    "lokijs": {
      "version": "1.5.12",
      "resolved": "https://registry.npmjs.org/lokijs/-/lokijs-1.5.12.tgz",
      "integrity": "sha512-Q5ALD6JiS6xAUWCwX3taQmgwxyveCtIIuL08+ml0nHwT3k0S/GIFJN+Hd38b1qYIMaE5X++iqsqWVksz7SYW+Q==",
      "dev": true
    },
    "typescript": {
      "version": "4.9.5",
      "resolved": "https://registry.npmjs.org/typescript/-/typescript-4.9.5.tgz",
      "integrity": "sha512-1FXk9E2Hm+QzZQ7z+McJiHL4NW1F2EzMu9Nq9i3zAaGqibafqYwCVU6WyWAuyQRRzOlxou8xZSyXLEN8oKj24g==",
      "dev": true
    }
  }
}
