{
  "name": "yoni-mcscripts-lib",
  "version": "0.9.1-dev.1",
  "lockfileVersion": 2,
  "requires": true,
  "packages": {
    "": {
      "name": "yoni-mcscripts-lib",
      "version": "0.9.1-dev.1",
      "license": "MIT",
      "dependencies": {
        "@minecraft/server": "^1.2.0-beta.1.19.80-stable",
        "@minecraft/server-gametest": "^1.0.0-beta.1.19.80-stable",
        "@minecraft/server-ui": "^1.0.0-beta.1.19.80-stable",
        "@minecraft/vanilla-data": "^1.19.80"
      },
      "devDependencies": {
        "typescript": "^4.9.3"
      }
    },
    "node_modules/@minecraft/server": {
      "version": "1.2.0-beta.1.19.80-stable",
      "resolved": "https://registry.npmjs.org/@minecraft/server/-/server-1.2.0-beta.1.19.80-stable.tgz",
      "integrity": "sha512-EVlPbaMWmQMJtPwCPtRMqsmWLTWzOUzUdBjDZWQ+3hM4Oi4OqoFTR22i+e0CgJ6UVHNx/xNyh5h6h0AV36pkxw=="
    },
    "node_modules/@minecraft/server-gametest": {
      "version": "1.0.0-beta.1.19.80-stable",
      "resolved": "https://registry.npmjs.org/@minecraft/server-gametest/-/server-gametest-1.0.0-beta.1.19.80-stable.tgz",
      "integrity": "sha512-Rv4CPaiUeMeIdIWP4C7YsaNx08GDxyORVjfOkB8c3P6E2ki4rTILu9TBPTrZ8xxG5SicuSmgX0wkbv4D176ZUA==",
      "dependencies": {
        "@minecraft/server": "1.2.0-beta.1.19.80-stable"
      }
    },
    "node_modules/@minecraft/server-ui": {
      "version": "1.0.0-beta.1.19.80-stable",
      "resolved": "https://registry.npmjs.org/@minecraft/server-ui/-/server-ui-1.0.0-beta.1.19.80-stable.tgz",
      "integrity": "sha512-elCqJecskP3kVUM5hB9GOZh/mNVk221iCvam1M8h/vRHxts/8mxIZo2Cw8T+BjMh4Ga1gsUXhouMIlcBYMIVyw==",
      "dependencies": {
        "@minecraft/server": "1.2.0-beta.1.19.80-stable"
      }
    },
    "node_modules/@minecraft/vanilla-data": {
      "version": "1.19.80",
      "resolved": "https://registry.npmjs.org/@minecraft/vanilla-data/-/vanilla-data-1.19.80.tgz",
      "integrity": "sha512-J/xUONLkns7oEy+KCn+By70k8LCCTajClc8u5xcgvZaC+ptqZnp5K+wVGqeXfNLIDp+ihsHsWqUMoynCkATDkg=="
    },
    "node_modules/typescript": {
      "version": "4.9.5",
      "resolved": "https://registry.npmjs.org/typescript/-/typescript-4.9.5.tgz",
      "integrity": "sha512-1FXk9E2Hm+QzZQ7z+McJiHL4NW1F2EzMu9Nq9i3zAaGqibafqYwCVU6WyWAuyQRRzOlxou8xZSyXLEN8oKj24g==",
      "dev": true,
      "bin": {
        "tsc": "bin/tsc",
        "tsserver": "bin/tsserver"
      },
      "engines": {
        "node": ">=4.2.0"
      }
    }
  },
  "dependencies": {
    "@minecraft/server": {
      "version": "1.2.0-beta.1.19.80-stable",
      "resolved": "https://registry.npmjs.org/@minecraft/server/-/server-1.2.0-beta.1.19.80-stable.tgz",
      "integrity": "sha512-EVlPbaMWmQMJtPwCPtRMqsmWLTWzOUzUdBjDZWQ+3hM4Oi4OqoFTR22i+e0CgJ6UVHNx/xNyh5h6h0AV36pkxw=="
    },
    "@minecraft/server-gametest": {
      "version": "1.0.0-beta.1.19.80-stable",
      "resolved": "https://registry.npmjs.org/@minecraft/server-gametest/-/server-gametest-1.0.0-beta.1.19.80-stable.tgz",
      "integrity": "sha512-Rv4CPaiUeMeIdIWP4C7YsaNx08GDxyORVjfOkB8c3P6E2ki4rTILu9TBPTrZ8xxG5SicuSmgX0wkbv4D176ZUA==",
      "requires": {
        "@minecraft/server": "1.2.0-beta.1.19.80-stable"
      }
    },
    "@minecraft/server-ui": {
      "version": "1.0.0-beta.1.19.80-stable",
      "resolved": "https://registry.npmjs.org/@minecraft/server-ui/-/server-ui-1.0.0-beta.1.19.80-stable.tgz",
      "integrity": "sha512-elCqJecskP3kVUM5hB9GOZh/mNVk221iCvam1M8h/vRHxts/8mxIZo2Cw8T+BjMh4Ga1gsUXhouMIlcBYMIVyw==",
      "requires": {
        "@minecraft/server": "1.2.0-beta.1.19.80-stable"
      }
    },
    "@minecraft/vanilla-data": {
      "version": "1.19.80",
      "resolved": "https://registry.npmjs.org/@minecraft/vanilla-data/-/vanilla-data-1.19.80.tgz",
      "integrity": "sha512-J/xUONLkns7oEy+KCn+By70k8LCCTajClc8u5xcgvZaC+ptqZnp5K+wVGqeXfNLIDp+ihsHsWqUMoynCkATDkg=="
    },
    "typescript": {
      "version": "4.9.5",
      "resolved": "https://registry.npmjs.org/typescript/-/typescript-4.9.5.tgz",
      "integrity": "sha512-1FXk9E2Hm+QzZQ7z+McJiHL4NW1F2EzMu9Nq9i3zAaGqibafqYwCVU6WyWAuyQRRzOlxou8xZSyXLEN8oKj24g==",
      "dev": true
    }
  }
}
